
Microsoft Visual Studio Solution File, Format Version 12.00
# Visual Studio Version 17
VisualStudioVersion = 17.9.34714.143
MinimumVisualStudioVersion = 10.0.40219.1
Project("{FAE04EC0-301F-11D3-BF4B-00C04F79EFBC}") = "Books2", "Books2\Books2.csproj", "{B939A8F7-A320-448D-B75D-5AA0C568EBDB}"
EndProject
Global
	GlobalSection(SolutionConfigurationPlatforms) = preSolution
		Debug|Any CPU = Debug|Any CPU
		Release|Any CPU = Release|Any CPU
	EndGlobalSection
	GlobalSection(ProjectConfigurationPlatforms) = postSolution
		{B939A8F7-A320-448D-B75D-5AA0C568EBDB}.Debug|Any CPU.ActiveCfg = Debug|Any CPU
		{B939A8F7-A320-448D-B75D-5AA0C568EBDB}.Debug|Any CPU.Build.0 = Debug|Any CPU
		{B939A8F7-A320-448D-B75D-5AA0C568EBDB}.Release|Any CPU.ActiveCfg = Release|Any CPU
		{B939A8F7-A320-448D-B75D-5AA0C568EBDB}.Release|Any CPU.Build.0 = Release|Any CPU
	EndGlobalSection
	GlobalSection(SolutionProperties) = preSolution
		HideSolutionNode = FALSE
	EndGlobalSection
	GlobalSection(ExtensibilityGlobals) = postSolution
		SolutionGuid = {AE897332-D130-4EE9-B521-5E1DC378BDC3}
	EndGlobalSection
EndGlobal
